
Microsoft Visual Studio Solution File, Format Version 12.00
# Visual Studio 15
VisualStudioVersion = 15.0.27703.2000
MinimumVisualStudioVersion = 10.0.40219.1
Project("{FAE04EC0-301F-11D3-BF4B-00C04F79EFBC}") = "SuperHero OOP", "SuperHero OOP\SuperHero OOP.csproj", "{3549D982-624E-4C08-AB48-BD89599DD490}"
EndProject
Global
	GlobalSection(SolutionConfigurationPlatforms) = preSolution
		Debug|Any CPU = Debug|Any CPU
		Release|Any CPU = Release|Any CPU
	EndGlobalSection
	GlobalSection(ProjectConfigurationPlatforms) = postSolution
		{3549D982-624E-4C08-AB48-BD89599DD490}.Debug|Any CPU.ActiveCfg = Debug|Any CPU
		{3549D982-624E-4C08-AB48-BD89599DD490}.Debug|Any CPU.Build.0 = Debug|Any CPU
		{3549D982-624E-4C08-AB48-BD89599DD490}.Release|Any CPU.ActiveCfg = Release|Any CPU
		{3549D982-624E-4C08-AB48-BD89599DD490}.Release|Any CPU.Build.0 = Release|Any CPU
	EndGlobalSection
	GlobalSection(SolutionProperties) = preSolution
		HideSolutionNode = FALSE
	EndGlobalSection
	GlobalSection(ExtensibilityGlobals) = postSolution
		SolutionGuid = {128D0A45-F601-44A5-ABC6-401CC2BAD36B}
	EndGlobalSection
EndGlobal
